
Microsoft Visual Studio Solution File, Format Version 12.00
# Visual Studio Version 17
VisualStudioVersion = 17.11.35327.3
MinimumVisualStudioVersion = 10.0.40219.1
Project("{FAE04EC0-301F-11D3-BF4B-00C04F79EFBC}") = "NatechAPI", "NatechAPI\NatechAPI.csproj", "{13DCDD14-FC21-4D90-97E9-FE3DC3DC0D7C}"
EndProject
Global
	GlobalSection(SolutionConfigurationPlatforms) = preSolution
		Debug|Any CPU = Debug|Any CPU
		Release|Any CPU = Release|Any CPU
	EndGlobalSection
	GlobalSection(ProjectConfigurationPlatforms) = postSolution
		{13DCDD14-FC21-4D90-97E9-FE3DC3DC0D7C}.Debug|Any CPU.ActiveCfg = Debug|Any CPU
		{13DCDD14-FC21-4D90-97E9-FE3DC3DC0D7C}.Debug|Any CPU.Build.0 = Debug|Any CPU
		{13DCDD14-FC21-4D90-97E9-FE3DC3DC0D7C}.Release|Any CPU.ActiveCfg = Release|Any CPU
		{13DCDD14-FC21-4D90-97E9-FE3DC3DC0D7C}.Release|Any CPU.Build.0 = Release|Any CPU
	EndGlobalSection
	GlobalSection(SolutionProperties) = preSolution
		HideSolutionNode = FALSE
	EndGlobalSection
	GlobalSection(ExtensibilityGlobals) = postSolution
		SolutionGuid = {27AFEB38-FDAF-4E61-96F1-9D4994033C09}
	EndGlobalSection
EndGlobal
